
Microsoft Visual Studio Solution File, Format Version 12.00
# Visual Studio 15
VisualStudioVersion = 15.0.27130.2027
MinimumVisualStudioVersion = 10.0.40219.1
Project("{FAE04EC0-301F-11D3-BF4B-00C04F79EFBC}") = "OrderNumberByOneOnBinaryConvertion", "OrderNumberByOneOnBinaryConvertion\OrderNumberByOneOnBinaryConvertion.csproj", "{7D41D99D-134A-4420-B026-77BD4C7537CC}"
EndProject
Global
	GlobalSection(SolutionConfigurationPlatforms) = preSolution
		Debug|Any CPU = Debug|Any CPU
		Release|Any CPU = Release|Any CPU
	EndGlobalSection
	GlobalSection(ProjectConfigurationPlatforms) = postSolution
		{7D41D99D-134A-4420-B026-77BD4C7537CC}.Debug|Any CPU.ActiveCfg = Debug|Any CPU
		{7D41D99D-134A-4420-B026-77BD4C7537CC}.Debug|Any CPU.Build.0 = Debug|Any CPU
		{7D41D99D-134A-4420-B026-77BD4C7537CC}.Release|Any CPU.ActiveCfg = Release|Any CPU
		{7D41D99D-134A-4420-B026-77BD4C7537CC}.Release|Any CPU.Build.0 = Release|Any CPU
	EndGlobalSection
	GlobalSection(SolutionProperties) = preSolution
		HideSolutionNode = FALSE
	EndGlobalSection
	GlobalSection(ExtensibilityGlobals) = postSolution
		SolutionGuid = {68421B7C-47EF-49C7-ABDC-9118A7B6C269}
	EndGlobalSection
EndGlobal
